// !$*UTF8*$!
{
	archiveVersion = 1;
	classes = {
	};
	objectVersion = 46;
	objects = {

/* Begin PBXBuildFile section */
		59048BA31F87CD76006D54A2 /* lab04.c in Sources */ = {isa = PBXBuildFile; fileRef = 59048BA21F87CD76006D54A2 /* lab04.c */; };
		594F63F81F581D9600E3383E /* digrafoListas.c in Sources */ = {isa = PBXBuildFile; fileRef = 594F63F71F581D9600E3383E /* digrafoListas.c */; };
		596C9E491F6C15E6000DD45F /* Fibonnacci.c in Sources */ = {isa = PBXBuildFile; fileRef = 596C9E471F6C15E6000DD45F /* Fibonnacci.c */; };
		59A6AC501F647B6E001F2A1A /* lab02.c in Sources */ = {isa = PBXBuildFile; fileRef = 59A6AC4E1F647B6E001F2A1A /* lab02.c */; };
		59C89B2B1F50683800CAEB0A /* lab01.c in Sources */ = {isa = PBXBuildFile; fileRef = 59C89B2A1F50683800CAEB0A /* lab01.c */; };
		59CE07E81FA36FB600F71EB9 /* lab05.c in Sources */ = {isa = PBXBuildFile; fileRef = 59CE07E71FA36FB600F71EB9 /* lab05.c */; };
		59D67BEE1F6AC1AB004A6D6B /* AutomatoFD.c in Sources */ = {isa = PBXBuildFile; fileRef = 59D67BEC1F6AC1AB004A6D6B /* AutomatoFD.c */; };
/* End PBXBuildFile section */

/* Begin PBXCopyFilesBuildPhase section */
		59F3BE961F4B0B3300963B94 /* CopyFiles */ = {
			isa = PBXCopyFilesBuildPhase;
			buildActionMask = 2147483647;
			dstPath = /usr/share/man/man1/;
			dstSubfolderSpec = 0;
			files = (
			);
			runOnlyForDeploymentPostprocessing = 1;
		};
/* End PBXCopyFilesBuildPhase section */

/* Begin PBXFileReference section */
		59048BA21F87CD76006D54A2 /* lab04.c */ = {isa = PBXFileReference; lastKnownFileType = sourcecode.c.c; path = lab04.c; sourceTree = "<group>"; };
		594F63F71F581D9600E3383E /* digrafoListas.c */ = {isa = PBXFileReference; fileEncoding = 4; lastKnownFileType = sourcecode.c.c; path = digrafoListas.c; sourceTree = "<group>"; };
		596C9E471F6C15E6000DD45F /* Fibonnacci.c */ = {isa = PBXFileReference; fileEncoding = 4; lastKnownFileType = sourcecode.c.c; path = Fibonnacci.c; sourceTree = "<group>"; };
		59A6AC4E1F647B6E001F2A1A /* lab02.c */ = {isa = PBXFileReference; fileEncoding = 4; lastKnownFileType = sourcecode.c.c; path = lab02.c; sourceTree = "<group>"; };
		59C89B2A1F50683800CAEB0A /* lab01.c */ = {isa = PBXFileReference; fileEncoding = 4; lastKnownFileType = sourcecode.c.c; path = lab01.c; sourceTree = "<group>"; };
		59CE07E71FA36FB600F71EB9 /* lab05.c */ = {isa = PBXFileReference; lastKnownFileType = sourcecode.c.c; path = lab05.c; sourceTree = "<group>"; };
		59D67BEC1F6AC1AB004A6D6B /* AutomatoFD.c */ = {isa = PBXFileReference; fileEncoding = 4; lastKnownFileType = sourcecode.c.c; name = AutomatoFD.c; path = Automatos/AutomatoFD.c; sourceTree = "<group>"; };
		59F3BE981F4B0B3300963B94 /* C Programming */ = {isa = PBXFileReference; explicitFileType = "compiled.mach-o.executable"; includeInIndex = 0; path = "C Programming"; sourceTree = BUILT_PRODUCTS_DIR; };
		59F3BEA31F4B0B4C00963B94 /* a.out */ = {isa = PBXFileReference; lastKnownFileType = "compiled.mach-o.executable"; path = a.out; sourceTree = "<group>"; };
		59F3BEA61F4B0B4C00963B94 /* entrada.txt */ = {isa = PBXFileReference; lastKnownFileType = text; path = entrada.txt; sourceTree = "<group>"; };
		59F3BEA81F4B0B4C00963B94 /* a.out */ = {isa = PBXFileReference; lastKnownFileType = "compiled.mach-o.executable"; path = a.out; sourceTree = "<group>"; };
		59F3BEA91F4B0B4C00963B94 /* main.c */ = {isa = PBXFileReference; lastKnownFileType = sourcecode.c.c; path = main.c; sourceTree = "<group>"; };
/* End PBXFileReference section */

/* Begin PBXFrameworksBuildPhase section */
		59F3BE951F4B0B3300963B94 /* Frameworks */ = {
			isa = PBXFrameworksBuildPhase;
			buildActionMask = 2147483647;
			files = (
			);
			runOnlyForDeploymentPostprocessing = 0;
		};
/* End PBXFrameworksBuildPhase section */

/* Begin PBXGroup section */
		59D67BEB1F6AC14C004A6D6B /* Automatos */ = {
			isa = PBXGroup;
			children = (
				59D67BEC1F6AC1AB004A6D6B /* AutomatoFD.c */,
			);
			name = Automatos;
			sourceTree = "<group>";
		};
		59F3BE8F1F4B0B3300963B94 = {
			isa = PBXGroup;
			children = (
				59F3BE9A1F4B0B3300963B94 /* C Programming */,
				59F3BE991F4B0B3300963B94 /* Products */,
			);
			sourceTree = "<group>";
		};
		59F3BE991F4B0B3300963B94 /* Products */ = {
			isa = PBXGroup;
			children = (
				59F3BE981F4B0B3300963B94 /* C Programming */,
			);
			name = Products;
			sourceTree = "<group>";
		};
		59F3BE9A1F4B0B3300963B94 /* C Programming */ = {
			isa = PBXGroup;
			children = (
				59D67BEB1F6AC14C004A6D6B /* Automatos */,
				59F3BEA21F4B0B4C00963B94 /* Grafos */,
				59F3BEA71F4B0B4C00963B94 /* Prog Paralela */,
			);
			path = "C Programming";
			sourceTree = "<group>";
		};
		59F3BEA21F4B0B4C00963B94 /* Grafos */ = {
			isa = PBXGroup;
			children = (
				59F3BEA31F4B0B4C00963B94 /* a.out */,
				594F63F71F581D9600E3383E /* digrafoListas.c */,
				59F3BEA61F4B0B4C00963B94 /* entrada.txt */,
			);
			path = Grafos;
			sourceTree = "<group>";
		};
		59F3BEA71F4B0B4C00963B94 /* Prog Paralela */ = {
			isa = PBXGroup;
			children = (
				59C89B2A1F50683800CAEB0A /* lab01.c */,
				59F3BEA81F4B0B4C00963B94 /* a.out */,
				59F3BEA91F4B0B4C00963B94 /* main.c */,
				59A6AC4E1F647B6E001F2A1A /* lab02.c */,
				596C9E471F6C15E6000DD45F /* Fibonnacci.c */,
				59048BA21F87CD76006D54A2 /* lab04.c */,
				59CE07E71FA36FB600F71EB9 /* lab05.c */,
			);
			path = "Prog Paralela";
			sourceTree = "<group>";
		};
/* End PBXGroup section */

/* Begin PBXNativeTarget section */
		59F3BE971F4B0B3300963B94 /* C Programming */ = {
			isa = PBXNativeTarget;
			buildConfigurationList = 59F3BE9F1F4B0B3300963B94 /* Build configuration list for PBXNativeTarget "C Programming" */;
			buildPhases = (
				59F3BE941F4B0B3300963B94 /* Sources */,
				59F3BE951F4B0B3300963B94 /* Frameworks */,
				59F3BE961F4B0B3300963B94 /* CopyFiles */,
			);
			buildRules = (
			);
			dependencies = (
			);
			name = "C Programming";
			productName = "C Programming";
			productReference = 59F3BE981F4B0B3300963B94 /* C Programming */;
			productType = "com.apple.product-type.tool";
		};
/* End PBXNativeTarget section */

/* Begin PBXProject section */
		59F3BE901F4B0B3300963B94 /* Project object */ = {
			isa = PBXProject;
			attributes = {
				LastUpgradeCheck = 0830;
				ORGANIZATIONNAME = "Julio Brazil LTDA";
				TargetAttributes = {
					59F3BE971F4B0B3300963B94 = {
						CreatedOnToolsVersion = 8.3.3;
						DevelopmentTeam = 524D3B9S8F;
						ProvisioningStyle = Automatic;
					};
				};
			};
			buildConfigurationList = 59F3BE931F4B0B3300963B94 /* Build configuration list for PBXProject "C Programming" */;
			compatibilityVersion = "Xcode 3.2";
			developmentRegion = English;
			hasScannedForEncodings = 0;
			knownRegions = (
				en,
			);
			mainGroup = 59F3BE8F1F4B0B3300963B94;
			productRefGroup = 59F3BE991F4B0B3300963B94 /* Products */;
			projectDirPath = "";
			projectRoot = "";
			targets = (
				59F3BE971F4B0B3300963B94 /* C Programming */,
			);
		};
/* End PBXProject section */

/* Begin PBXSourcesBuildPhase section */
		59F3BE941F4B0B3300963B94 /* Sources */ = {
			isa = PBXSourcesBuildPhase;
			buildActionMask = 2147483647;
			files = (
				59A6AC501F647B6E001F2A1A /* lab02.c in Sources */,
				59D67BEE1F6AC1AB004A6D6B /* AutomatoFD.c in Sources */,
				59CE07E81FA36FB600F71EB9 /* lab05.c in Sources */,
				596C9E491F6C15E6000DD45F /* Fibonnacci.c in Sources */,
				59048BA31F87CD76006D54A2 /* lab04.c in Sources */,
				594F63F81F581D9600E3383E /* digrafoListas.c in Sources */,
				59C89B2B1F50683800CAEB0A /* lab01.c in Sources */,
			);
			runOnlyForDeploymentPostprocessing = 0;
		};
/* End PBXSourcesBuildPhase section */

/* Begin XCBuildConfiguration section */
		59F3BE9D1F4B0B3300963B94 /* Debug */ = {
			isa = XCBuildConfiguration;
			buildSettings = {
				ALWAYS_SEARCH_USER_PATHS = NO;
				CLANG_ANALYZER_NONNULL = YES;
				CLANG_ANALYZER_NUMBER_OBJECT_CONVERSION = YES_AGGRESSIVE;
				CLANG_CXX_LANGUAGE_STANDARD = "gnu++0x";
				CLANG_CXX_LIBRARY = "libc++";
				CLANG_ENABLE_MODULES = YES;
				CLANG_ENABLE_OBJC_ARC = YES;
				CLANG_WARN_BOOL_CONVERSION = YES;
				CLANG_WARN_CONSTANT_CONVERSION = YES;
				CLANG_WARN_DIRECT_OBJC_ISA_USAGE = YES_ERROR;
				CLANG_WARN_DOCUMENTATION_COMMENTS = YES;
				CLANG_WARN_EMPTY_BODY = YES;
				CLANG_WARN_ENUM_CONVERSION = YES;
				CLANG_WARN_INFINITE_RECURSION = YES;
				CLANG_WARN_INT_CONVERSION = YES;
				CLANG_WARN_OBJC_ROOT_CLASS = YES_ERROR;
				CLANG_WARN_SUSPICIOUS_MOVE = YES;
				CLANG_WARN_UNREACHABLE_CODE = YES;
				CLANG_WARN__DUPLICATE_METHOD_MATCH = YES;
				CODE_SIGN_IDENTITY = "-";
				COPY_PHASE_STRIP = NO;
				DEBUG_INFORMATION_FORMAT = dwarf;
				ENABLE_STRICT_OBJC_MSGSEND = YES;
				ENABLE_TESTABILITY = YES;
				GCC_C_LANGUAGE_STANDARD = gnu99;
				GCC_DYNAMIC_NO_PIC = NO;
				GCC_NO_COMMON_BLOCKS = YES;
				GCC_OPTIMIZATION_LEVEL = 0;
				GCC_PREPROCESSOR_DEFINITIONS = (
					"DEBUG=1",
					"$(inherited)",
				);
				GCC_WARN_64_TO_32_BIT_CONVERSION = YES;
				GCC_WARN_ABOUT_RETURN_TYPE = YES_ERROR;
				GCC_WARN_UNDECLARED_SELECTOR = YES;
				GCC_WARN_UNINITIALIZED_AUTOS = YES_AGGRESSIVE;
				GCC_WARN_UNUSED_FUNCTION = YES;
				GCC_WARN_UNUSED_VARIABLE = YES;
				MACOSX_DEPLOYMENT_TARGET = 10.12;
				MTL_ENABLE_DEBUG_INFO = YES;
				ONLY_ACTIVE_ARCH = YES;
				SDKROOT = macosx;
			};
			name = Debug;
		};
		59F3BE9E1F4B0B3300963B94 /* Release */ = {
			isa = XCBuildConfiguration;
			buildSettings = {
				ALWAYS_SEARCH_USER_PATHS = NO;
				CLANG_ANALYZER_NONNULL = YES;
				CLANG_ANALYZER_NUMBER_OBJECT_CONVERSION = YES_AGGRESSIVE;
				CLANG_CXX_LANGUAGE_STANDARD = "gnu++0x";
				CLANG_CXX_LIBRARY = "libc++";
				CLANG_ENABLE_MODULES = YES;
				CLANG_ENABLE_OBJC_ARC = YES;
				CLANG_WARN_BOOL_CONVERSION = YES;
				CLANG_WARN_CONSTANT_CONVERSION = YES;
				CLANG_WARN_DIRECT_OBJC_ISA_USAGE = YES_ERROR;
				CLANG_WARN_DOCUMENTATION_COMMENTS = YES;
				CLANG_WARN_EMPTY_BODY = YES;
				CLANG_WARN_ENUM_CONVERSION = YES;
				CLANG_WARN_INFINITE_RECURSION = YES;
				CLANG_WARN_INT_CONVERSION = YES;
				CLANG_WARN_OBJC_ROOT_CLASS = YES_ERROR;
				CLANG_WARN_SUSPICIOUS_MOVE = YES;
				CLANG_WARN_UNREACHABLE_CODE = YES;
				CLANG_WARN__DUPLICATE_METHOD_MATCH = YES;
				CODE_SIGN_IDENTITY = "-";
				COPY_PHASE_STRIP = NO;
				DEBUG_INFORMATION_FORMAT = "dwarf-with-dsym";
				ENABLE_NS_ASSERTIONS = NO;
				ENABLE_STRICT_OBJC_MSGSEND = YES;
				GCC_C_LANGUAGE_STANDARD = gnu99;
				GCC_NO_COMMON_BLOCKS = YES;
				GCC_WARN_64_TO_32_BIT_CONVERSION = YES;
				GCC_WARN_ABOUT_RETURN_TYPE = YES_ERROR;
				GCC_WARN_UNDECLARED_SELECTOR = YES;
				GCC_WARN_UNINITIALIZED_AUTOS = YES_AGGRESSIVE;
				GCC_WARN_UNUSED_FUNCTION = YES;
				GCC_WARN_UNUSED_VARIABLE = YES;
				MACOSX_DEPLOYMENT_TARGET = 10.12;
				MTL_ENABLE_DEBUG_INFO = NO;
				SDKROOT = macosx;
			};
			name = Release;
		};
		59F3BEA01F4B0B3300963B94 /* Debug */ = {
			isa = XCBuildConfiguration;
			buildSettings = {
				DEVELOPMENT_TEAM = 524D3B9S8F;
				PRODUCT_NAME = "$(TARGET_NAME)";
			};
			name = Debug;
		};
		59F3BEA11F4B0B3300963B94 /* Release */ = {
			isa = XCBuildConfiguration;
			buildSettings = {
				DEVELOPMENT_TEAM = 524D3B9S8F;
				PRODUCT_NAME = "$(TARGET_NAME)";
			};
			name = Release;
		};
/* End XCBuildConfiguration section */

/* Begin XCConfigurationList section */
		59F3BE931F4B0B3300963B94 /* Build configuration list for PBXProject "C Programming" */ = {
			isa = XCConfigurationList;
			buildConfigurations = (
				59F3BE9D1F4B0B3300963B94 /* Debug */,
				59F3BE9E1F4B0B3300963B94 /* Release */,
			);
			defaultConfigurationIsVisible = 0;
			defaultConfigurationName = Release;
		};
		59F3BE9F1F4B0B3300963B94 /* Build configuration list for PBXNativeTarget "C Programming" */ = {
			isa = XCConfigurationList;
			buildConfigurations = (
				59F3BEA01F4B0B3300963B94 /* Debug */,
				59F3BEA11F4B0B3300963B94 /* Release */,
			);
			defaultConfigurationIsVisible = 0;
			defaultConfigurationName = Release;
		};
/* End XCConfigurationList section */
	};
	rootObject = 59F3BE901F4B0B3300963B94 /* Project object */;
}
